Microsoft Visual Studio Solution File, Format Version 12.00
# Visual Studio Version 17
VisualStudioVersion = 17.0.31903.59
MinimumVisualStudioVersion = 10.0.40219.1
Project("{FAE04EC0-301F-11D3-BF4B-00C04F79EFBC}") = "MeshCoreSharp", "src\MeshCoreSharp\MeshCoreSharp.csproj", "{128A6F46-6CA4-43E9-B78D-A56D36C6B910}"
EndProject
Project("{FAE04EC0-301F-11D3-BF4B-00C04F79EFBC}") = "MeshCoreSharp.Console", "samples\MeshCoreSharp.Console\MeshCoreSharp.Console.csproj", "{7FD5AA75-2BB5-47C0-B88F-94FF6DAE71BC}"
EndProject
Project("{FAE04EC0-301F-11D3-BF4B-00C04F79EFBC}") = "MeshCoreSharp.Tests", "tests\MeshCoreSharp.Tests\MeshCoreSharp.Tests.csproj", "{8E99FB54-DC95-48A2-91EF-7023C36E1476}"
EndProject
Project("{FAE04EC0-301F-11D3-BF4B-00C04F79EFBC}") = "MeshCoreMessenger.Core", "src\MeshCoreMessenger.Core\MeshCoreMessenger.Core.csproj", "{D38363C7-AD4A-48F5-AD2E-05E28AC3C163}"
EndProject
Project("{FAE04EC0-301F-11D3-BF4B-00C04F79EFBC}") = "MeshCoreMessenger.Desktop", "src\MeshCoreMessenger.Desktop\MeshCoreMessenger.Desktop.csproj", "{42B97612-0A9A-4F7E-94DD-29CA040FB7AC}"
EndProject
Project("{FAE04EC0-301F-11D3-BF4B-00C04F79EFBC}") = "MeshCoreMessenger.Core.Tests", "tests\MeshCoreMessenger.Core.Tests\MeshCoreMessenger.Core.Tests.csproj", "{79D8B25C-6710-4380-A405-FAC926B65BB8}"
EndProject
Project("{FAE04EC0-301F-11D3-BF4B-00C04F79EFBC}") = "MeshCoreMessenger.Desktop.Tests", "tests\MeshCoreMessenger.Desktop.Tests\MeshCoreMessenger.Desktop.Tests.csproj", "{CD14DE43-E8BF-4A43-B843-1E51125A4AF2}"
EndProject
Global
    GlobalSection(SolutionConfigurationPlatforms) = preSolution
        Debug|Any CPU = Debug|Any CPU
        Release|Any CPU = Release|Any CPU
    EndGlobalSection
    GlobalSection(ProjectConfigurationPlatforms) = postSolution
        {8E99FB54-DC95-48A2-91EF-7023C36E1476}.Debug|Any CPU.ActiveCfg = Debug|Any CPU
        {8E99FB54-DC95-48A2-91EF-7023C36E1476}.Debug|Any CPU.Build.0 = Debug|Any CPU
        {8E99FB54-DC95-48A2-91EF-7023C36E1476}.Release|Any CPU.ActiveCfg = Release|Any CPU
        {8E99FB54-DC95-48A2-91EF-7023C36E1476}.Release|Any CPU.Build.0 = Release|Any CPU
        {128A6F46-6CA4-43E9-B78D-A56D36C6B910}.Debug|Any CPU.ActiveCfg = Debug|Any CPU
        {128A6F46-6CA4-43E9-B78D-A56D36C6B910}.Debug|Any CPU.Build.0 = Debug|Any CPU
        {128A6F46-6CA4-43E9-B78D-A56D36C6B910}.Release|Any CPU.ActiveCfg = Release|Any CPU
        {128A6F46-6CA4-43E9-B78D-A56D36C6B910}.Release|Any CPU.Build.0 = Release|Any CPU
        {7FD5AA75-2BB5-47C0-B88F-94FF6DAE71BC}.Debug|Any CPU.ActiveCfg = Debug|Any CPU
        {7FD5AA75-2BB5-47C0-B88F-94FF6DAE71BC}.Debug|Any CPU.Build.0 = Debug|Any CPU
        {7FD5AA75-2BB5-47C0-B88F-94FF6DAE71BC}.Release|Any CPU.ActiveCfg = Release|Any CPU
        {7FD5AA75-2BB5-47C0-B88F-94FF6DAE71BC}.Release|Any CPU.Build.0 = Release|Any CPU
        {D38363C7-AD4A-48F5-AD2E-05E28AC3C163}.Debug|Any CPU.ActiveCfg = Debug|Any CPU
        {D38363C7-AD4A-48F5-AD2E-05E28AC3C163}.Debug|Any CPU.Build.0 = Debug|Any CPU
        {D38363C7-AD4A-48F5-AD2E-05E28AC3C163}.Release|Any CPU.ActiveCfg = Release|Any CPU
        {D38363C7-AD4A-48F5-AD2E-05E28AC3C163}.Release|Any CPU.Build.0 = Release|Any CPU
        {42B97612-0A9A-4F7E-94DD-29CA040FB7AC}.Debug|Any CPU.ActiveCfg = Debug|Any CPU
        {42B97612-0A9A-4F7E-94DD-29CA040FB7AC}.Debug|Any CPU.Build.0 = Debug|Any CPU
        {42B97612-0A9A-4F7E-94DD-29CA040FB7AC}.Release|Any CPU.ActiveCfg = Release|Any CPU
        {42B97612-0A9A-4F7E-94DD-29CA040FB7AC}.Release|Any CPU.Build.0 = Release|Any CPU
        {79D8B25C-6710-4380-A405-FAC926B65BB8}.Debug|Any CPU.ActiveCfg = Debug|Any CPU
        {79D8B25C-6710-4380-A405-FAC926B65BB8}.Debug|Any CPU.Build.0 = Debug|Any CPU
        {79D8B25C-6710-4380-A405-FAC926B65BB8}.Release|Any CPU.ActiveCfg = Release|Any CPU
        {79D8B25C-6710-4380-A405-FAC926B65BB8}.Release|Any CPU.Build.0 = Release|Any CPU
        {CD14DE43-E8BF-4A43-B843-1E51125A4AF2}.Debug|Any CPU.ActiveCfg = Debug|Any CPU
        {CD14DE43-E8BF-4A43-B843-1E51125A4AF2}.Debug|Any CPU.Build.0 = Debug|Any CPU
        {CD14DE43-E8BF-4A43-B843-1E51125A4AF2}.Release|Any CPU.ActiveCfg = Release|Any CPU
        {CD14DE43-E8BF-4A43-B843-1E51125A4AF2}.Release|Any CPU.Build.0 = Release|Any CPU
    EndGlobalSection
EndGlobal
